
Microsoft Visual Studio Solution File, Format Version 12.00
# Visual Studio Version 17
VisualStudioVersion = 17.4.33213.308
MinimumVisualStudioVersion = 10.0.40219.1
Project("{8BC9CEB8-8B4A-11D0-8D11-00A0C91BC942}") = "matte", "matte\matte.vcxproj", "{B99CB1EB-DCF7-48AF-AA20-3B67F0C7D854}"
EndProject
Global
	GlobalSection(SolutionConfigurationPlatforms) = preSolution
		Debug|x64 = Debug|x64
		Debug|x86 = Debug|x86
		Release|x64 = Release|x64
		Release|x86 = Release|x86
	EndGlobalSection
	GlobalSection(ProjectConfigurationPlatforms) = postSolution
		{B99CB1EB-DCF7-48AF-AA20-3B67F0C7D854}.Debug|x64.ActiveCfg = Debug|x64
		{B99CB1EB-DCF7-48AF-AA20-3B67F0C7D854}.Debug|x64.Build.0 = Debug|x64
		{B99CB1EB-DCF7-48AF-AA20-3B67F0C7D854}.Debug|x86.ActiveCfg = Debug|Win32
		{B99CB1EB-DCF7-48AF-AA20-3B67F0C7D854}.Debug|x86.Build.0 = Debug|Win32
		{B99CB1EB-DCF7-48AF-AA20-3B67F0C7D854}.Release|x64.ActiveCfg = Release|x64
		{B99CB1EB-DCF7-48AF-AA20-3B67F0C7D854}.Release|x64.Build.0 = Release|x64
		{B99CB1EB-DCF7-48AF-AA20-3B67F0C7D854}.Release|x86.ActiveCfg = Release|Win32
		{B99CB1EB-DCF7-48AF-AA20-3B67F0C7D854}.Release|x86.Build.0 = Release|Win32
	EndGlobalSection
	GlobalSection(SolutionProperties) = preSolution
		HideSolutionNode = FALSE
	EndGlobalSection
	GlobalSection(ExtensibilityGlobals) = postSolution
		SolutionGuid = {36FAD871-EF5A-4A67-8D77-FF32EC53DB7D}
	EndGlobalSection
EndGlobal
